version: 6
environments:
  default:
    channels:
    - url: https://conda.anaconda.org/conda-forge/
    options:
      pypi-prerelease-mode: if-necessary-or-explicit
    packages:
      osx-arm64:
      - conda: https://conda.anaconda.org/conda-forge/noarch/babel-2.18.0-pyhcf101f3_1.conda
      - conda: https://conda.anaconda.org/conda-forge/noarch/backports.zstd-1.3.0-py314h680f03e_0.conda
      - conda: https://conda.anaconda.org/conda-forge/noarch/backrefs-6.2-pyhd8ed1ab_0.conda
      - conda: https://conda.anaconda.org/conda-forge/osx-arm64/brotli-python-1.2.0-py314h3daef5d_1.conda
      - conda: https://conda.anaconda.org/conda-forge/osx-arm64/bzip2-1.0.8-hd037594_9.conda
      - conda: https://conda.anaconda.org/conda-forge/noarch/ca-certificates-2026.2.25-hbd8a1cb_0.conda
      - conda: https://conda.anaconda.org/conda-forge/noarch/certifi-2026.2.25-pyhd8ed1ab_0.conda
      - conda: https://conda.anaconda.org/conda-forge/noarch/charset-normalizer-3.4.6-pyhd8ed1ab_0.conda
      - conda: https://conda.anaconda.org/conda-forge/noarch/click-8.2.1-pyh707e725_0.conda
      - conda: https://conda.anaconda.org/conda-forge/noarch/colorama-0.4.6-pyhd8ed1ab_1.conda
      - conda: https://conda.anaconda.org/conda-forge/noarch/ghp-import-2.1.0-pyhd8ed1ab_2.conda
      - conda: https://conda.anaconda.org/conda-forge/noarch/h2-4.3.0-pyhcf101f3_0.conda
      - conda: https://conda.anaconda.org/conda-forge/noarch/hpack-4.1.0-pyhd8ed1ab_0.conda
      - conda: https://conda.anaconda.org/conda-forge/noarch/hyperframe-6.1.0-pyhd8ed1ab_0.conda
      - conda: https://conda.anaconda.org/conda-forge/osx-arm64/icu-78.3-hef89b57_0.conda
      - conda: https://conda.anaconda.org/conda-forge/noarch/idna-3.11-pyhd8ed1ab_0.conda
      - conda: https://conda.anaconda.org/conda-forge/noarch/importlib-metadata-8.8.0-pyhcf101f3_0.conda
      - conda: https://conda.anaconda.org/conda-forge/noarch/jinja2-3.1.6-pyhcf101f3_1.conda
      - conda: https://conda.anaconda.org/conda-forge/osx-arm64/libcxx-22.1.2-h55c6f16_0.conda
      - conda: https://conda.anaconda.org/conda-forge/osx-arm64/libexpat-2.7.4-hf6b4638_0.conda
      - conda: https://conda.anaconda.org/conda-forge/osx-arm64/libffi-3.5.2-hcf2aa1b_0.conda
      - conda: https://conda.anaconda.org/conda-forge/osx-arm64/liblzma-5.8.2-h8088a28_0.conda
      - conda: https://conda.anaconda.org/conda-forge/osx-arm64/libmpdec-4.0.0-h84a0fba_1.conda
      - conda: https://conda.anaconda.org/conda-forge/osx-arm64/libsqlite-3.52.0-h1ae2325_0.conda
      - conda: https://conda.anaconda.org/conda-forge/osx-arm64/libzlib-1.3.2-h8088a28_2.conda
      - conda: https://conda.anaconda.org/conda-forge/noarch/markdown-3.10.2-pyhcf101f3_0.conda
      - conda: https://conda.anaconda.org/conda-forge/osx-arm64/markupsafe-3.0.3-py314h6e9b3f0_1.conda
      - conda: https://conda.anaconda.org/conda-forge/noarch/mergedeep-1.3.4-pyhd8ed1ab_1.conda
      - conda: https://conda.anaconda.org/conda-forge/noarch/mkdocs-1.6.1-pyhd8ed1ab_1.conda
      - conda: https://conda.anaconda.org/conda-forge/noarch/mkdocs-get-deps-0.2.2-pyhd8ed1ab_0.conda
      - conda: https://conda.anaconda.org/conda-forge/noarch/mkdocs-material-9.7.6-pyhcf101f3_1.conda
      - conda: https://conda.anaconda.org/conda-forge/noarch/mkdocs-material-extensions-1.3.1-pyhd8ed1ab_1.conda
      - conda: https://conda.anaconda.org/conda-forge/osx-arm64/ncurses-6.5-h5e97a16_3.conda
      - conda: https://conda.anaconda.org/conda-forge/osx-arm64/openssl-3.6.1-hd24854e_1.conda
      - conda: https://conda.anaconda.org/conda-forge/noarch/packaging-26.0-pyhcf101f3_0.conda
      - conda: https://conda.anaconda.org/conda-forge/noarch/paginate-0.5.7-pyhd8ed1ab_1.conda
      - conda: https://conda.anaconda.org/conda-forge/noarch/pathspec-1.0.4-pyhd8ed1ab_0.conda
      - conda: https://conda.anaconda.org/conda-forge/noarch/platformdirs-4.9.4-pyhcf101f3_0.conda
      - conda: https://conda.anaconda.org/conda-forge/noarch/pygments-2.19.2-pyhd8ed1ab_0.conda
      - conda: https://conda.anaconda.org/conda-forge/noarch/pymdown-extensions-10.21-pyhd8ed1ab_0.conda
      - conda: https://conda.anaconda.org/conda-forge/noarch/pysocks-1.7.1-pyha55dd90_7.conda
      - conda: https://conda.anaconda.org/conda-forge/osx-arm64/python-3.14.3-h4c637c5_101_cp314.conda
      - conda: https://conda.anaconda.org/conda-forge/noarch/python-dateutil-2.9.0.post0-pyhe01879c_2.conda
      - conda: https://conda.anaconda.org/conda-forge/noarch/python_abi-3.14-8_cp314.conda
      - conda: https://conda.anaconda.org/conda-forge/osx-arm64/pyyaml-6.0.3-py314h6e9b3f0_1.conda
      - conda: https://conda.anaconda.org/conda-forge/noarch/pyyaml-env-tag-1.1-pyhd8ed1ab_0.conda
      - conda: https://conda.anaconda.org/conda-forge/osx-arm64/readline-8.3-h46df422_0.conda
      - conda: https://conda.anaconda.org/conda-forge/noarch/requests-2.33.0-pyhcf101f3_0.conda
      - conda: https://conda.anaconda.org/conda-forge/noarch/six-1.17.0-pyhe01879c_1.conda
      - conda: https://conda.anaconda.org/conda-forge/osx-arm64/tk-8.6.13-h010d191_3.conda
      - conda: https://conda.anaconda.org/conda-forge/noarch/tzdata-2025c-hc9c84f9_1.conda
      - conda: https://conda.anaconda.org/conda-forge/noarch/urllib3-2.6.3-pyhd8ed1ab_0.conda
      - conda: https://conda.anaconda.org/conda-forge/osx-arm64/watchdog-6.0.0-py314ha14b1ff_3.conda
      - conda: https://conda.anaconda.org/conda-forge/osx-arm64/yaml-0.2.5-h925e9cb_3.conda
      - conda: https://conda.anaconda.org/conda-forge/noarch/zipp-3.23.0-pyhcf101f3_1.conda
      - conda: https://conda.anaconda.org/conda-forge/osx-arm64/zstd-1.5.7-hbf9d68e_6.conda
packages:
- conda: https://conda.anaconda.org/conda-forge/noarch/babel-2.18.0-pyhcf101f3_1.conda
  sha256: a14a9ad02101aab25570543a59c5193043b73dc311a25650134ed9e6cb691770
  md5: f1976ce927373500cc19d3c0b2c85177
  depends:
  - python >=3.10
  - python
  constrains:
  - pytz >=2015.7
  license: BSD-3-Clause
  license_family: BSD
  size: 7684321
  timestamp: 1772555330347
- conda: https://conda.anaconda.org/conda-forge/noarch/backports.zstd-1.3.0-py314h680f03e_0.conda
  noarch: generic
  sha256: c31ab719d256bc6f89926131e88ecd0f0c5d003fe8481852c6424f4ec6c7eb29
  md5: a2ac7763a9ac75055b68f325d3255265
  depends:
  - python >=3.14
  license: BSD-3-Clause AND MIT AND EPL-2.0
  size: 7514
  timestamp: 1767044983590
- conda: https://conda.anaconda.org/conda-forge/noarch/backrefs-6.2-pyhd8ed1ab_0.conda
  sha256: ea22e1ae38622c7872a41708a248ef0b1917ca3d91a0672995a0c8cbfc85c04e
  md5: d78c9304d873002ca50e65c33ed6ff0e
  depends:
  - python >=3.10
  license: MIT
  license_family: MIT
  size: 144933
  timestamp: 1771286293210
- conda: https://conda.anaconda.org/conda-forge/osx-arm64/brotli-python-1.2.0-py314h3daef5d_1.conda
  sha256: 5c2e471fd262fcc3c5a9d5ea4dae5917b885e0e9b02763dbd0f0d9635ed4cb99
  md5: f9501812fe7c66b6548c7fcaa1c1f252
  depends:
  - __osx >=11.0
  - libcxx >=19
  - python >=3.14,<3.15.0a0
  - python >=3.14,<3.15.0a0 *_cp314
  - python_abi 3.14.* *_cp314
  constrains:
  - libbrotlicommon 1.2.0 hc919400_1
  license: MIT
  license_family: MIT
  size: 359854
  timestamp: 1764018178608
- conda: https://conda.anaconda.org/conda-forge/osx-arm64/bzip2-1.0.8-hd037594_9.conda
  sha256: 540fe54be35fac0c17feefbdc3e29725cce05d7367ffedfaaa1bdda234b019df
  md5: 620b85a3f45526a8bc4d23fd78fc22f0
  depends:
  - __osx >=11.0
  license: bzip2-1.0.6
  license_family: BSD
  size: 124834
  timestamp: 1771350416561
- conda: https://conda.anaconda.org/conda-forge/noarch/ca-certificates-2026.2.25-hbd8a1cb_0.conda
  sha256: 67cc7101b36421c5913a1687ef1b99f85b5d6868da3abbf6ec1a4181e79782fc
  md5: 4492fd26db29495f0ba23f146cd5638d
  depends:
  - __unix
  license: ISC
  size: 147413
  timestamp: 1772006283803
- conda: https://conda.anaconda.org/conda-forge/noarch/certifi-2026.2.25-pyhd8ed1ab_0.conda
  sha256: a6b118fd1ed6099dc4fc03f9c492b88882a780fadaef4ed4f93dc70757713656
  md5: 765c4d97e877cdbbb88ff33152b86125
  depends:
  - python >=3.10
  license: ISC
  size: 151445
  timestamp: 1772001170301
- conda: https://conda.anaconda.org/conda-forge/noarch/charset-normalizer-3.4.6-pyhd8ed1ab_0.conda
  sha256: d86dfd428b2e3c364fa90e07437c8405d635aa4ef54b25ab51d9c712be4112a5
  md5: 49ee13eb9b8f44d63879c69b8a40a74b
  depends:
  - python >=3.10
  license: MIT
  license_family: MIT
  size: 58510
  timestamp: 1773660086450
- conda: https://conda.anaconda.org/conda-forge/noarch/click-8.2.1-pyh707e725_0.conda
  sha256: 8aee789c82d8fdd997840c952a586db63c6890b00e88c4fb6e80a38edd5f51c0
  md5: 94b550b8d3a614dbd326af798c7dfb40
  depends:
  - __unix
  - python >=3.10
  license: BSD-3-Clause
  license_family: BSD
  size: 87749
  timestamp: 1747811451319
- conda: https://conda.anaconda.org/conda-forge/noarch/colorama-0.4.6-pyhd8ed1ab_1.conda
  sha256: ab29d57dc70786c1269633ba3dff20288b81664d3ff8d21af995742e2bb03287
  md5: 962b9857ee8e7018c22f2776ffa0b2d7
  depends:
  - python >=3.9
  license: BSD-3-Clause
  license_family: BSD
  size: 27011
  timestamp: 1733218222191
- conda: https://conda.anaconda.org/conda-forge/noarch/ghp-import-2.1.0-pyhd8ed1ab_2.conda
  sha256: 40fdf5a9d5cc7a3503cd0c33e1b90b1e6eab251aaaa74e6b965417d089809a15
  md5: 93f742fe078a7b34c29a182958d4d765
  depends:
  - python >=3.9
  - python-dateutil >=2.8.1
  license: Apache-2.0
  license_family: APACHE
  size: 16538
  timestamp: 1734344477841
- conda: https://conda.anaconda.org/conda-forge/noarch/h2-4.3.0-pyhcf101f3_0.conda
  sha256: 84c64443368f84b600bfecc529a1194a3b14c3656ee2e832d15a20e0329b6da3
  md5: 164fc43f0b53b6e3a7bc7dce5e4f1dc9
  depends:
  - python >=3.10
  - hyperframe >=6.1,<7
  - hpack >=4.1,<5
  - python
  license: MIT
  license_family: MIT
  size: 95967
  timestamp: 1756364871835
- conda: https://conda.anaconda.org/conda-forge/noarch/hpack-4.1.0-pyhd8ed1ab_0.conda
  sha256: 6ad78a180576c706aabeb5b4c8ceb97c0cb25f1e112d76495bff23e3779948ba
  md5: 0a802cb9888dd14eeefc611f05c40b6e
  depends:
  - python >=3.9
  license: MIT
  license_family: MIT
  size: 30731
  timestamp: 1737618390337
- conda: https://conda.anaconda.org/conda-forge/noarch/hyperframe-6.1.0-pyhd8ed1ab_0.conda
  sha256: 77af6f5fe8b62ca07d09ac60127a30d9069fdc3c68d6b256754d0ffb1f7779f8
  md5: 8e6923fc12f1fe8f8c4e5c9f343256ac
  depends:
  - python >=3.9
  license: MIT
  license_family: MIT
  size: 17397
  timestamp: 1737618427549
- conda: https://conda.anaconda.org/conda-forge/osx-arm64/icu-78.3-hef89b57_0.conda
  sha256: 3a7907a17e9937d3a46dfd41cffaf815abad59a569440d1e25177c15fd0684e5
  md5: f1182c91c0de31a7abd40cedf6a5ebef
  depends:
  - __osx >=11.0
  license: MIT
  license_family: MIT
  size: 12361647
  timestamp: 1773822915649
- conda: https://conda.anaconda.org/conda-forge/noarch/idna-3.11-pyhd8ed1ab_0.conda
  sha256: ae89d0299ada2a3162c2614a9d26557a92aa6a77120ce142f8e0109bbf0342b0
  md5: 53abe63df7e10a6ba605dc5f9f961d36
  depends:
  - python >=3.10
  license: BSD-3-Clause
  license_family: BSD
  size: 50721
  timestamp: 1760286526795
- conda: https://conda.anaconda.org/conda-forge/noarch/importlib-metadata-8.8.0-pyhcf101f3_0.conda
  sha256: 82ab2a0d91ca1e7e63ab6a4939356667ef683905dea631bc2121aa534d347b16
  md5: 080594bf4493e6bae2607e65390c520a
  depends:
  - python >=3.10
  - zipp >=3.20
  - python
  license: Apache-2.0
  license_family: APACHE
  size: 34387
  timestamp: 1773931568510
- conda: https://conda.anaconda.org/conda-forge/noarch/jinja2-3.1.6-pyhcf101f3_1.conda
  sha256: fc9ca7348a4f25fed2079f2153ecdcf5f9cf2a0bc36c4172420ca09e1849df7b
  md5: 04558c96691bed63104678757beb4f8d
  depends:
  - markupsafe >=2.0
  - python >=3.10
  - python
  license: BSD-3-Clause
  license_family: BSD
  size: 120685
  timestamp: 1764517220861
- conda: https://conda.anaconda.org/conda-forge/osx-arm64/libcxx-22.1.2-h55c6f16_0.conda
  sha256: d1402087c8792461bfc081629e8aa97e6e577a31ae0b84e6b9cc144a18f48067
  md5: 4280e0a7fd613b271e022e60dea0138c
  depends:
  - __osx >=11.0
  license: Apache-2.0 WITH LLVM-exception
  license_family: Apache
  size: 568094
  timestamp: 1774439202359
- conda: https://conda.anaconda.org/conda-forge/osx-arm64/libexpat-2.7.4-hf6b4638_0.conda
  sha256: 03887d8080d6a8fe02d75b80929271b39697ecca7628f0657d7afaea87761edf
  md5: a92e310ae8dfc206ff449f362fc4217f
  depends:
  - __osx >=11.0
  constrains:
  - expat 2.7.4.*
  license: MIT
  license_family: MIT
  size: 68199
  timestamp: 1771260020767
- conda: https://conda.anaconda.org/conda-forge/osx-arm64/libffi-3.5.2-hcf2aa1b_0.conda
  sha256: 6686a26466a527585e6a75cc2a242bf4a3d97d6d6c86424a441677917f28bec7
  md5: 43c04d9cb46ef176bb2a4c77e324d599
  depends:
  - __osx >=11.0
  license: MIT
  license_family: MIT
  size: 40979
  timestamp: 1769456747661
- conda: https://conda.anaconda.org/conda-forge/osx-arm64/liblzma-5.8.2-h8088a28_0.conda
  sha256: 7bfc7ffb2d6a9629357a70d4eadeadb6f88fa26ebc28f606b1c1e5e5ed99dc7e
  md5: 009f0d956d7bfb00de86901d16e486c7
  depends:
  - __osx >=11.0
  constrains:
  - xz 5.8.2.*
  license: 0BSD
  size: 92242
  timestamp: 1768752982486
- conda: https://conda.anaconda.org/conda-forge/osx-arm64/libmpdec-4.0.0-h84a0fba_1.conda
  sha256: 1089c7f15d5b62c622625ec6700732ece83be8b705da8c6607f4dabb0c4bd6d2
  md5: 57c4be259f5e0b99a5983799a228ae55
  depends:
  - __osx >=11.0
  license: BSD-2-Clause
  license_family: BSD
  size: 73690
  timestamp: 1769482560514
- conda: https://conda.anaconda.org/conda-forge/osx-arm64/libsqlite-3.52.0-h1ae2325_0.conda
  sha256: beb0fd5594d6d7c7cd42c992b6bb4d66cbb39d6c94a8234f15956da99a04306c
  md5: f6233a3fddc35a2ec9f617f79d6f3d71
  depends:
  - __osx >=11.0
  - icu >=78.2,<79.0a0
  - libzlib >=1.3.1,<2.0a0
  license: blessing
  size: 918420
  timestamp: 1772819478684
- conda: https://conda.anaconda.org/conda-forge/osx-arm64/libzlib-1.3.2-h8088a28_2.conda
  sha256: 361415a698514b19a852f5d1123c5da746d4642139904156ddfca7c922d23a05
  md5: bc5a5721b6439f2f62a84f2548136082
  depends:
  - __osx >=11.0
  constrains:
  - zlib 1.3.2 *_2
  license: Zlib
  license_family: Other
  size: 47759
  timestamp: 1774072956767
- conda: https://conda.anaconda.org/conda-forge/noarch/markdown-3.10.2-pyhcf101f3_0.conda
  sha256: 20e0892592a3e7c683e3d66df704a9425d731486a97c34fc56af4da1106b2b6b
  md5: ba0a9221ce1063f31692c07370d062f3
  depends:
  - importlib-metadata >=4.4
  - python >=3.10
  - python
  license: BSD-3-Clause
  license_family: BSD
  size: 85893
  timestamp: 1770694658918
- conda: https://conda.anaconda.org/conda-forge/osx-arm64/markupsafe-3.0.3-py314h6e9b3f0_1.conda
  sha256: 411153d14ee0d98be6e3751cf5cc0502db17bce2deebebb8779e33d29d0e525f
  md5: d33c0a15882b70255abdd54711b06a45
  depends:
  - __osx >=11.0
  - python >=3.14,<3.15.0a0
  - python >=3.14,<3.15.0a0 *_cp314
  - python_abi 3.14.* *_cp314
  constrains:
  - jinja2 >=3.0.0
  license: BSD-3-Clause
  license_family: BSD
  size: 27256
  timestamp: 1772445397216
- conda: https://conda.anaconda.org/conda-forge/noarch/mergedeep-1.3.4-pyhd8ed1ab_1.conda
  sha256: e5b555fd638334a253d83df14e3c913ef8ce10100090e17fd6fb8e752d36f95d
  md5: d9a8fc1f01deae61735c88ec242e855c
  depends:
  - python >=3.9
  license: MIT
  license_family: MIT
  size: 11676
  timestamp: 1734157119152
- conda: https://conda.anaconda.org/conda-forge/noarch/mkdocs-1.6.1-pyhd8ed1ab_1.conda
  sha256: 902d2e251f9a7ffa7d86a3e62be5b2395e28614bd4dbe5f50acf921fd64a8c35
  md5: 14661160be39d78f2b210f2cc2766059
  depends:
  - click >=7.0,<8.3.0a0
  - colorama >=0.4
  - ghp-import >=1.0
  - importlib-metadata >=4.4
  - jinja2 >=2.11.1
  - markdown >=3.3.6
  - markupsafe >=2.0.1
  - mergedeep >=1.3.4
  - mkdocs-get-deps >=0.2.0
  - packaging >=20.5
  - pathspec >=0.11.1
  - python >=3.9
  - pyyaml >=5.1
  - pyyaml-env-tag >=0.1
  - watchdog >=2.0
  constrains:
  - babel >=2.9.0
  license: BSD-2-Clause
  license_family: BSD
  size: 3524754
  timestamp: 1734344673481
- conda: https://conda.anaconda.org/conda-forge/noarch/mkdocs-get-deps-0.2.2-pyhd8ed1ab_0.conda
  sha256: fad4463b52def6214f64dfb918ad77ec4feb4c5d1072838dcf693dab860fde52
  md5: 4e396e96b60a1f616da1f0e5fceae543
  depends:
  - importlib-metadata >=4.3
  - mergedeep >=1.3.4
  - platformdirs >=2.2.0
  - python >=3.10
  - pyyaml >=5.1
  license: MIT
  license_family: MIT
  size: 15572
  timestamp: 1773570672864
- conda: https://conda.anaconda.org/conda-forge/noarch/mkdocs-material-9.7.6-pyhcf101f3_1.conda
  sha256: 75cc95f2f9d29bc1373fd5c34b334b6b7a6bd9c745ca03105361b21b43f12b32
  md5: 13add6b0be6d719b4e2d1821ad10fcce
  depends:
  - python >=3.10
  - jinja2 >=3.1
  - markdown >=3.2
  - mkdocs >=1.6,<2
  - mkdocs-material-extensions >=1.3
  - pygments >=2.16
  - pymdown-extensions >=10.2
  - babel >=2.10
  - colorama >=0.4
  - paginate >=0.5
  - backrefs >=5.7.post1
  - requests >=2.30
  - python
  license: MIT
  size: 4800629
  timestamp: 1774620149583
- conda: https://conda.anaconda.org/conda-forge/noarch/mkdocs-material-extensions-1.3.1-pyhd8ed1ab_1.conda
  sha256: f62955d40926770ab65cc54f7db5fde6c073a3ba36a0787a7a5767017da50aa3
  md5: de8af4000a4872e16fb784c649679c8e
  depends:
  - python >=3.9
  constrains:
  - mkdocs-material >=5.0.0
  license: MIT
  license_family: MIT
  size: 16122
  timestamp: 1734641109286
- conda: https://conda.anaconda.org/conda-forge/osx-arm64/ncurses-6.5-h5e97a16_3.conda
  sha256: 2827ada40e8d9ca69a153a45f7fd14f32b2ead7045d3bbb5d10964898fe65733
  md5: 068d497125e4bf8a66bf707254fff5ae
  depends:
  - __osx >=11.0
  license: X11 AND BSD-3-Clause
  size: 797030
  timestamp: 1738196177597
- conda: https://conda.anaconda.org/conda-forge/osx-arm64/openssl-3.6.1-hd24854e_1.conda
  sha256: 361f5c5e60052abc12bdd1b50d7a1a43e6a6653aab99a2263bf2288d709dcf67
  md5: f4f6ad63f98f64191c3e77c5f5f29d76
  depends:
  - __osx >=11.0
  - ca-certificates
  license: Apache-2.0
  license_family: Apache
  size: 3104268
  timestamp: 1769556384749
- conda: https://conda.anaconda.org/conda-forge/noarch/packaging-26.0-pyhcf101f3_0.conda
  sha256: c1fc0f953048f743385d31c468b4a678b3ad20caffdeaa94bed85ba63049fd58
  md5: b76541e68fea4d511b1ac46a28dcd2c6
  depends:
  - python >=3.8
  - python
  license: Apache-2.0
  license_family: APACHE
  size: 72010
  timestamp: 1769093650580
- conda: https://conda.anaconda.org/conda-forge/noarch/paginate-0.5.7-pyhd8ed1ab_1.conda
  sha256: f6fef1b43b0d3d92476e1870c08d7b9c229aebab9a0556b073a5e1641cf453bd
  md5: c3f35453097faf911fd3f6023fc2ab24
  depends:
  - python >=3.9
  license: MIT
  license_family: MIT
  size: 18865
  timestamp: 1734618649164
- conda: https://conda.anaconda.org/conda-forge/noarch/pathspec-1.0.4-pyhd8ed1ab_0.conda
  sha256: 29ea20d0faf20374fcd61c25f6d32fb8e9a2c786a7f1473a0c3ead359470fbe1
  md5: 2908273ac396d2cd210a8127f5f1c0d6
  depends:
  - python >=3.10
  license: MPL-2.0
  license_family: MOZILLA
  size: 53739
  timestamp: 1769677743677
- conda: https://conda.anaconda.org/conda-forge/noarch/platformdirs-4.9.4-pyhcf101f3_0.conda
  sha256: 0289f0a38337ee201d984f8f31f11f6ef076cfbbfd0ab9181d12d9d1d099bf46
  md5: 82c1787f2a65c0155ef9652466ee98d6
  depends:
  - python >=3.10
  - python
  license: MIT
  license_family: MIT
  size: 25646
  timestamp: 1773199142345
- conda: https://conda.anaconda.org/conda-forge/noarch/pygments-2.19.2-pyhd8ed1ab_0.conda
  sha256: 5577623b9f6685ece2697c6eb7511b4c9ac5fb607c9babc2646c811b428fd46a
  md5: 6b6ece66ebcae2d5f326c77ef2c5a066
  depends:
  - python >=3.9
  license: BSD-2-Clause
  license_family: BSD
  size: 889287
  timestamp: 1750615908735
- conda: https://conda.anaconda.org/conda-forge/noarch/pymdown-extensions-10.21-pyhd8ed1ab_0.conda
  sha256: 9e852e0fddcbb41b22c4d6331786c8b34bd183f27f5a42773528dc7eab702625
  md5: 4eee223c7f0598e74f5fde2a20bfb80e
  depends:
  - markdown >=3.6
  - python >=3.10
  - pyyaml
  license: MIT
  license_family: MIT
  size: 171999
  timestamp: 1773922214762
- conda: https://conda.anaconda.org/conda-forge/noarch/pysocks-1.7.1-pyha55dd90_7.conda
  sha256: ba3b032fa52709ce0d9fd388f63d330a026754587a2f461117cac9ab73d8d0d8
  md5: 461219d1a5bd61342293efa2c0c90eac
  depends:
  - __unix
  - python >=3.9
  license: BSD-3-Clause
  license_family: BSD
  size: 21085
  timestamp: 1733217331982
- conda: https://conda.anaconda.org/conda-forge/osx-arm64/python-3.14.3-h4c637c5_101_cp314.conda
  build_number: 101
  sha256: fccce2af62d11328d232df9f6bbf63464fd45f81f718c661757f9c628c4378ce
  md5: 753c8d0447677acb7ddbcc6e03e82661
  depends:
  - __osx >=11.0
  - bzip2 >=1.0.8,<2.0a0
  - libexpat >=2.7.3,<3.0a0
  - libffi >=3.5.2,<3.6.0a0
  - liblzma >=5.8.2,<6.0a0
  - libmpdec >=4.0.0,<5.0a0
  - libsqlite >=3.51.2,<4.0a0
  - libzlib >=1.3.1,<2.0a0
  - ncurses >=6.5,<7.0a0
  - openssl >=3.5.5,<4.0a0
  - python_abi 3.14.* *_cp314
  - readline >=8.3,<9.0a0
  - tk >=8.6.13,<8.7.0a0
  - tzdata
  - zstd >=1.5.7,<1.6.0a0
  license: Python-2.0
  size: 13522698
  timestamp: 1770675365241
  python_site_packages_path: lib/python3.14/site-packages
- conda: https://conda.anaconda.org/conda-forge/noarch/python-dateutil-2.9.0.post0-pyhe01879c_2.conda
  sha256: d6a17ece93bbd5139e02d2bd7dbfa80bee1a4261dced63f65f679121686bf664
  md5: 5b8d21249ff20967101ffa321cab24e8
  depends:
  - python >=3.9
  - six >=1.5
  - python
  license: Apache-2.0
  license_family: APACHE
  size: 233310
  timestamp: 1751104122689
- conda: https://conda.anaconda.org/conda-forge/noarch/python_abi-3.14-8_cp314.conda
  build_number: 8
  sha256: ad6d2e9ac39751cc0529dd1566a26751a0bf2542adb0c232533d32e176e21db5
  md5: 0539938c55b6b1a59b560e843ad864a4
  constrains:
  - python 3.14.* *_cp314
  license: BSD-3-Clause
  license_family: BSD
  size: 6989
  timestamp: 1752805904792
- conda: https://conda.anaconda.org/conda-forge/osx-arm64/pyyaml-6.0.3-py314h6e9b3f0_1.conda
  sha256: 95f385f9606e30137cf0b5295f63855fd22223a4cf024d306cf9098ea1c4a252
  md5: dcf51e564317816cb8d546891019b3ab
  depends:
  - __osx >=11.0
  - python >=3.14,<3.15.0a0
  - python >=3.14,<3.15.0a0 *_cp314
  - python_abi 3.14.* *_cp314
  - yaml >=0.2.5,<0.3.0a0
  license: MIT
  license_family: MIT
  size: 189475
  timestamp: 1770223788648
- conda: https://conda.anaconda.org/conda-forge/noarch/pyyaml-env-tag-1.1-pyhd8ed1ab_0.conda
  sha256: 69ab63bd45587406ae911811fc4d4c1bf972d643fa57a009de7c01ac978c4edd
  md5: e8e53c4150a1bba3b160eacf9d53a51b
  depends:
  - python >=3.9
  - pyyaml
  license: MIT
  license_family: MIT
  size: 11137
  timestamp: 1747237061448
- conda: https://conda.anaconda.org/conda-forge/osx-arm64/readline-8.3-h46df422_0.conda
  sha256: a77010528efb4b548ac2a4484eaf7e1c3907f2aec86123ed9c5212ae44502477
  md5: f8381319127120ce51e081dce4865cf4
  depends:
  - __osx >=11.0
  - ncurses >=6.5,<7.0a0
  license: GPL-3.0-only
  license_family: GPL
  size: 313930
  timestamp: 1765813902568
- conda: https://conda.anaconda.org/conda-forge/noarch/requests-2.33.0-pyhcf101f3_0.conda
  sha256: fbc7183778e1f9976ae7d812986c227f9d43f841326ac03b5f43f1ac93fa8f3b
  md5: bee5ed456361bfe8af502beaf5db82e2
  depends:
  - python >=3.10
  - certifi >=2023.5.7
  - charset-normalizer >=2,<4
  - idna >=2.5,<4
  - urllib3 >=1.26,<3
  - python
  constrains:
  - chardet >=3.0.2,<6
  license: Apache-2.0
  size: 63788
  timestamp: 1774462091279
- conda: https://conda.anaconda.org/conda-forge/noarch/six-1.17.0-pyhe01879c_1.conda
  sha256: 458227f759d5e3fcec5d9b7acce54e10c9e1f4f4b7ec978f3bfd54ce4ee9853d
  md5: 3339e3b65d58accf4ca4fb8748ab16b3
  depends:
  - python >=3.9
  - python
  license: MIT
  license_family: MIT
  size: 18455
  timestamp: 1753199211006
- conda: https://conda.anaconda.org/conda-forge/osx-arm64/tk-8.6.13-h010d191_3.conda
  sha256: 799cab4b6cde62f91f750149995d149bc9db525ec12595e8a1d91b9317f038b3
  md5: a9d86bc62f39b94c4661716624eb21b0
  depends:
  - __osx >=11.0
  - libzlib >=1.3.1,<2.0a0
  license: TCL
  license_family: BSD
  size: 3127137
  timestamp: 1769460817696
- conda: https://conda.anaconda.org/conda-forge/noarch/tzdata-2025c-hc9c84f9_1.conda
  sha256: 1d30098909076af33a35017eed6f2953af1c769e273a0626a04722ac4acaba3c
  md5: ad659d0a2b3e47e38d829aa8cad2d610
  license: LicenseRef-Public-Domain
  size: 119135
  timestamp: 1767016325805
- conda: https://conda.anaconda.org/conda-forge/noarch/urllib3-2.6.3-pyhd8ed1ab_0.conda
  sha256: af641ca7ab0c64525a96fd9ad3081b0f5bcf5d1cbb091afb3f6ed5a9eee6111a
  md5: 9272daa869e03efe68833e3dc7a02130
  depends:
  - backports.zstd >=1.0.0
  - brotli-python >=1.2.0
  - h2 >=4,<5
  - pysocks >=1.5.6,<2.0,!=1.5.7
  - python >=3.10
  license: MIT
  license_family: MIT
  size: 103172
  timestamp: 1767817860341
- conda: https://conda.anaconda.org/conda-forge/osx-arm64/watchdog-6.0.0-py314ha14b1ff_3.conda
  sha256: dfdd3d45401568c164cc54d12c455bb740c84ad08cee04c13aa22855d91242f0
  md5: 2519c58dc35157f1b1a044041934815a
  depends:
  - python
  - pyyaml >=3.10
  - python 3.14.* *_cp314
  - __osx >=11.0
  - python_abi 3.14.* *_cp314
  license: Apache-2.0
  license_family: APACHE
  size: 176720
  timestamp: 1772608060730
- conda: https://conda.anaconda.org/conda-forge/osx-arm64/yaml-0.2.5-h925e9cb_3.conda
  sha256: b03433b13d89f5567e828ea9f1a7d5c5d697bf374c28a4168d71e9464f5dafac
  md5: 78a0fe9e9c50d2c381e8ee47e3ea437d
  depends:
  - __osx >=11.0
  license: MIT
  license_family: MIT
  size: 83386
  timestamp: 1753484079473
- conda: https://conda.anaconda.org/conda-forge/noarch/zipp-3.23.0-pyhcf101f3_1.conda
  sha256: b4533f7d9efc976511a73ef7d4a2473406d7f4c750884be8e8620b0ce70f4dae
  md5: 30cd29cb87d819caead4d55184c1d115
  depends:
  - python >=3.10
  - python
  license: MIT
  license_family: MIT
  size: 24194
  timestamp: 1764460141901
- conda: https://conda.anaconda.org/conda-forge/osx-arm64/zstd-1.5.7-hbf9d68e_6.conda
  sha256: 9485ba49e8f47d2b597dd399e88f4802e100851b27c21d7525625b0b4025a5d9
  md5: ab136e4c34e97f34fb621d2592a393d8
  depends:
  - __osx >=11.0
  - libzlib >=1.3.1,<2.0a0
  license: BSD-3-Clause
  license_family: BSD
  size: 433413
  timestamp: 1764777166076
